
Microsoft Visual Studio Solution File, Format Version 12.00
# Visual Studio Version 16
VisualStudioVersion = 16.0.29306.81
MinimumVisualStudioVersion = 10.0.40219.1
Project("{9A19103F-16F7-4668-BE54-9A1E7A4F7556}") = "FCA.API", "FCA.API\FCA.API.csproj", "{76E1E68C-E868-43B2-BFF6-D4035DF867FB}"
EndProject
Project("{9A19103F-16F7-4668-BE54-9A1E7A4F7556}") = "FCA.API.Tests", "FCA.API.Tests\FCA.API.Tests.csproj", "{02B2A7CF-A640-4AE5-AC11-8DA9624A2574}"
EndProject
Project("{2150E333-8FDC-42A3-9474-1A3956D46DE8}") = "Core", "Core", "{B2C993B7-BB05-4A24-9F42-58FD8E29024A}"
EndProject
Project("{9A19103F-16F7-4668-BE54-9A1E7A4F7556}") = "FCA.Data", "FCA.Data\FCA.Data.csproj", "{BD235EB4-0CC4-4FD4-A913-32E0314CBCBF}"
EndProject
Project("{9A19103F-16F7-4668-BE54-9A1E7A4F7556}") = "FCA.Core", "FCA.Core\FCA.Core.csproj", "{26572CB3-079D-40B0-B213-91FB1D38DF18}"
EndProject
Global
	GlobalSection(SolutionConfigurationPlatforms) = preSolution
		Debug|Any CPU = Debug|Any CPU
		Release|Any CPU = Release|Any CPU
	EndGlobalSection
	GlobalSection(ProjectConfigurationPlatforms) = postSolution
		{76E1E68C-E868-43B2-BFF6-D4035DF867FB}.Debug|Any CPU.ActiveCfg = Debug|Any CPU
		{76E1E68C-E868-43B2-BFF6-D4035DF867FB}.Debug|Any CPU.Build.0 = Debug|Any CPU
		{76E1E68C-E868-43B2-BFF6-D4035DF867FB}.Release|Any CPU.ActiveCfg = Release|Any CPU
		{76E1E68C-E868-43B2-BFF6-D4035DF867FB}.Release|Any CPU.Build.0 = Release|Any CPU
		{02B2A7CF-A640-4AE5-AC11-8DA9624A2574}.Debug|Any CPU.ActiveCfg = Debug|Any CPU
		{02B2A7CF-A640-4AE5-AC11-8DA9624A2574}.Debug|Any CPU.Build.0 = Debug|Any CPU
		{02B2A7CF-A640-4AE5-AC11-8DA9624A2574}.Release|Any CPU.ActiveCfg = Release|Any CPU
		{02B2A7CF-A640-4AE5-AC11-8DA9624A2574}.Release|Any CPU.Build.0 = Release|Any CPU
		{BD235EB4-0CC4-4FD4-A913-32E0314CBCBF}.Debug|Any CPU.ActiveCfg = Debug|Any CPU
		{BD235EB4-0CC4-4FD4-A913-32E0314CBCBF}.Debug|Any CPU.Build.0 = Debug|Any CPU
		{BD235EB4-0CC4-4FD4-A913-32E0314CBCBF}.Release|Any CPU.ActiveCfg = Release|Any CPU
		{BD235EB4-0CC4-4FD4-A913-32E0314CBCBF}.Release|Any CPU.Build.0 = Release|Any CPU
		{26572CB3-079D-40B0-B213-91FB1D38DF18}.Debug|Any CPU.ActiveCfg = Debug|Any CPU
		{26572CB3-079D-40B0-B213-91FB1D38DF18}.Debug|Any CPU.Build.0 = Debug|Any CPU
		{26572CB3-079D-40B0-B213-91FB1D38DF18}.Release|Any CPU.ActiveCfg = Release|Any CPU
		{26572CB3-079D-40B0-B213-91FB1D38DF18}.Release|Any CPU.Build.0 = Release|Any CPU
	EndGlobalSection
	GlobalSection(SolutionProperties) = preSolution
		HideSolutionNode = FALSE
	EndGlobalSection
	GlobalSection(NestedProjects) = preSolution
		{BD235EB4-0CC4-4FD4-A913-32E0314CBCBF} = {B2C993B7-BB05-4A24-9F42-58FD8E29024A}
		{26572CB3-079D-40B0-B213-91FB1D38DF18} = {B2C993B7-BB05-4A24-9F42-58FD8E29024A}
	EndGlobalSection
	GlobalSection(ExtensibilityGlobals) = postSolution
		SolutionGuid = {9AF3AAF2-AC50-465B-93FF-71D85C7E76D5}
	EndGlobalSection
EndGlobal
